
Microsoft Visual Studio Solution File, Format Version 12.00
# Visual Studio 15
VisualStudioVersion = 15.0.27004.2008
MinimumVisualStudioVersion = 10.0.40219.1
Project("{FAE04EC0-301F-11D3-BF4B-00C04F79EFBC}") = "CyberAcademyInstrumentation", "CyberAcademyInstrumentation\CyberAcademyInstrumentation.csproj", "{5742D626-9B23-4F87-91E5-FA42BDF2E246}"
EndProject
Global
	GlobalSection(SolutionConfigurationPlatforms) = preSolution
		Debug|Any CPU = Debug|Any CPU
		Release|Any CPU = Release|Any CPU
	EndGlobalSection
	GlobalSection(ProjectConfigurationPlatforms) = postSolution
		{5742D626-9B23-4F87-91E5-FA42BDF2E246}.Debug|Any CPU.ActiveCfg = Debug|Any CPU
		{5742D626-9B23-4F87-91E5-FA42BDF2E246}.Debug|Any CPU.Build.0 = Debug|Any CPU
		{5742D626-9B23-4F87-91E5-FA42BDF2E246}.Release|Any CPU.ActiveCfg = Release|Any CPU
		{5742D626-9B23-4F87-91E5-FA42BDF2E246}.Release|Any CPU.Build.0 = Release|Any CPU
	EndGlobalSection
	GlobalSection(SolutionProperties) = preSolution
		HideSolutionNode = FALSE
	EndGlobalSection
	GlobalSection(ExtensibilityGlobals) = postSolution
		SolutionGuid = {C2C9BC62-C5FD-400E-86CB-C6502BBC2A7D}
	EndGlobalSection
EndGlobal
